
Microsoft Visual Studio Solution File, Format Version 11.00
# Visual Studio 2010
Project("{2150E333-8FDC-42A3-9474-1A3956D46DE8}") = "Libs", "Libs", "{47F2D3AE-8F58-45B4-9782-7AC6352F49B3}"
EndProject
Project("{2150E333-8FDC-42A3-9474-1A3956D46DE8}") = "Crypto", "Crypto", "{DBA3D1DE-2CF5-42E2-976E-98F4B172D25D}"
EndProject
Project("{2150E333-8FDC-42A3-9474-1A3956D46DE8}") = "Cores", "Cores", "{5A7CBB9A-4726-4AC7-9830-ACF3AD28ABAF}"
EndProject
Project("{8BC9CEB8-8B4A-11D0-8D11-00A0C91BC942}") = "UpxLoader", "VC100\UpxLoader.vcxproj", "{D6996E56-E674-4102-9F4E-2407F4A87D4F}"
EndProject
Project("{8BC9CEB8-8B4A-11D0-8D11-00A0C91BC942}") = "IntPe9", "VC100\IntPe9.vcxproj", "{71C8B06F-1681-4A2C-B87B-7DA17ABF1BE0}"
EndProject
Project("{8BC9CEB8-8B4A-11D0-8D11-00A0C91BC942}") = "Shared", "VC100\Shared.vcxproj", "{7C792F8F-50E1-49A0-B7D4-6C96977DFEDC}"
EndProject
Project("{8BC9CEB8-8B4A-11D0-8D11-00A0C91BC942}") = "Blowfish", "VC100\Blowfish.vcxproj", "{BED17788-577B-455E-B3B9-1CB8639131EF}"
EndProject
Project("{8BC9CEB8-8B4A-11D0-8D11-00A0C91BC942}") = "General", "VC100\General.vcxproj", "{86C13717-6E05-4AB8-A8EF-7BCD50BB4B34}"
EndProject
Project("{8BC9CEB8-8B4A-11D0-8D11-00A0C91BC942}") = "League of Legends", "VC100\League of Legends.vcxproj", "{17C944F7-762A-467B-86D6-7A3D64BCAB27}"
EndProject
Project("{8BC9CEB8-8B4A-11D0-8D11-00A0C91BC942}") = "enet-1.2.5", "VC100\enet-1.2.5.vcxproj", "{8396D19A-F583-4DB7-B02E-25A04EA97626}"
EndProject
Global
	GlobalSection(SolutionConfigurationPlatforms) = preSolution
		Debug|Win32 = Debug|Win32
		Release|Win32 = Release|Win32
	EndGlobalSection
	GlobalSection(ProjectConfigurationPlatforms) = postSolution
		{D6996E56-E674-4102-9F4E-2407F4A87D4F}.Debug|Win32.ActiveCfg = Debug|Win32
		{D6996E56-E674-4102-9F4E-2407F4A87D4F}.Debug|Win32.Build.0 = Debug|Win32
		{D6996E56-E674-4102-9F4E-2407F4A87D4F}.Release|Win32.ActiveCfg = Release|Win32
		{D6996E56-E674-4102-9F4E-2407F4A87D4F}.Release|Win32.Build.0 = Release|Win32
		{71C8B06F-1681-4A2C-B87B-7DA17ABF1BE0}.Debug|Win32.ActiveCfg = Debug|Win32
		{71C8B06F-1681-4A2C-B87B-7DA17ABF1BE0}.Debug|Win32.Build.0 = Debug|Win32
		{71C8B06F-1681-4A2C-B87B-7DA17ABF1BE0}.Release|Win32.ActiveCfg = Release|Win32
		{71C8B06F-1681-4A2C-B87B-7DA17ABF1BE0}.Release|Win32.Build.0 = Release|Win32
		{7C792F8F-50E1-49A0-B7D4-6C96977DFEDC}.Debug|Win32.ActiveCfg = Debug|Win32
		{7C792F8F-50E1-49A0-B7D4-6C96977DFEDC}.Debug|Win32.Build.0 = Debug|Win32
		{7C792F8F-50E1-49A0-B7D4-6C96977DFEDC}.Release|Win32.ActiveCfg = Release|Win32
		{7C792F8F-50E1-49A0-B7D4-6C96977DFEDC}.Release|Win32.Build.0 = Release|Win32
		{BED17788-577B-455E-B3B9-1CB8639131EF}.Debug|Win32.ActiveCfg = Debug|Win32
		{BED17788-577B-455E-B3B9-1CB8639131EF}.Debug|Win32.Build.0 = Debug|Win32
		{BED17788-577B-455E-B3B9-1CB8639131EF}.Release|Win32.ActiveCfg = Release|Win32
		{BED17788-577B-455E-B3B9-1CB8639131EF}.Release|Win32.Build.0 = Release|Win32
		{86C13717-6E05-4AB8-A8EF-7BCD50BB4B34}.Debug|Win32.ActiveCfg = Debug|Win32
		{86C13717-6E05-4AB8-A8EF-7BCD50BB4B34}.Debug|Win32.Build.0 = Debug|Win32
		{86C13717-6E05-4AB8-A8EF-7BCD50BB4B34}.Release|Win32.ActiveCfg = Release|Win32
		{86C13717-6E05-4AB8-A8EF-7BCD50BB4B34}.Release|Win32.Build.0 = Release|Win32
		{17C944F7-762A-467B-86D6-7A3D64BCAB27}.Debug|Win32.ActiveCfg = Debug|Win32
		{17C944F7-762A-467B-86D6-7A3D64BCAB27}.Debug|Win32.Build.0 = Debug|Win32
		{17C944F7-762A-467B-86D6-7A3D64BCAB27}.Release|Win32.ActiveCfg = Release|Win32
		{17C944F7-762A-467B-86D6-7A3D64BCAB27}.Release|Win32.Build.0 = Release|Win32
		{8396D19A-F583-4DB7-B02E-25A04EA97626}.Debug|Win32.ActiveCfg = Debug|Win32
		{8396D19A-F583-4DB7-B02E-25A04EA97626}.Debug|Win32.Build.0 = Debug|Win32
		{8396D19A-F583-4DB7-B02E-25A04EA97626}.Release|Win32.ActiveCfg = Release|Win32
		{8396D19A-F583-4DB7-B02E-25A04EA97626}.Release|Win32.Build.0 = Release|Win32
	EndGlobalSection
	GlobalSection(SolutionProperties) = preSolution
		HideSolutionNode = FALSE
	EndGlobalSection
	GlobalSection(NestedProjects) = preSolution
		{DBA3D1DE-2CF5-42E2-976E-98F4B172D25D} = {47F2D3AE-8F58-45B4-9782-7AC6352F49B3}
		{D6996E56-E674-4102-9F4E-2407F4A87D4F} = {47F2D3AE-8F58-45B4-9782-7AC6352F49B3}
		{8396D19A-F583-4DB7-B02E-25A04EA97626} = {47F2D3AE-8F58-45B4-9782-7AC6352F49B3}
		{BED17788-577B-455E-B3B9-1CB8639131EF} = {DBA3D1DE-2CF5-42E2-976E-98F4B172D25D}
		{86C13717-6E05-4AB8-A8EF-7BCD50BB4B34} = {DBA3D1DE-2CF5-42E2-976E-98F4B172D25D}
		{17C944F7-762A-467B-86D6-7A3D64BCAB27} = {5A7CBB9A-4726-4AC7-9830-ACF3AD28ABAF}
	EndGlobalSection
EndGlobal
